
Microsoft Visual Studio Solution File, Format Version 12.00
# Visual Studio Version 17
VisualStudioVersion = 17.13.35919.96
MinimumVisualStudioVersion = 10.0.40219.1
Project("{FAE04EC0-301F-11D3-BF4B-00C04F79EFBC}") = "cos", "cos\cos.csproj", "{C9CE0E24-E902-4112-8109-3B2D9A01C0A0}"
EndProject
Project("{FAE04EC0-301F-11D3-BF4B-00C04F79EFBC}") = "MpinCrypt", "external\MpinCrypt\MpinCrypt.csproj", "{BD8188E7-1458-4792-8896-36ADEE951B96}"
EndProject
Global
	GlobalSection(SolutionConfigurationPlatforms) = preSolution
		Debug|Any CPU = Debug|Any CPU
		Debug|x64 = Debug|x64
		Debug|x86 = Debug|x86
		Release|Any CPU = Release|Any CPU
		Release|x64 = Release|x64
		Release|x86 = Release|x86
	EndGlobalSection
	GlobalSection(ProjectConfigurationPlatforms) = postSolution
		{C9CE0E24-E902-4112-8109-3B2D9A01C0A0}.Debug|Any CPU.ActiveCfg = Debug|Any CPU
		{C9CE0E24-E902-4112-8109-3B2D9A01C0A0}.Debug|Any CPU.Build.0 = Debug|Any CPU
		{C9CE0E24-E902-4112-8109-3B2D9A01C0A0}.Debug|x64.ActiveCfg = Debug|Any CPU
		{C9CE0E24-E902-4112-8109-3B2D9A01C0A0}.Debug|x64.Build.0 = Debug|Any CPU
		{C9CE0E24-E902-4112-8109-3B2D9A01C0A0}.Debug|x86.ActiveCfg = Debug|Any CPU
		{C9CE0E24-E902-4112-8109-3B2D9A01C0A0}.Debug|x86.Build.0 = Debug|Any CPU
		{C9CE0E24-E902-4112-8109-3B2D9A01C0A0}.Release|Any CPU.ActiveCfg = Release|Any CPU
		{C9CE0E24-E902-4112-8109-3B2D9A01C0A0}.Release|Any CPU.Build.0 = Release|Any CPU
		{C9CE0E24-E902-4112-8109-3B2D9A01C0A0}.Release|x64.ActiveCfg = Release|Any CPU
		{C9CE0E24-E902-4112-8109-3B2D9A01C0A0}.Release|x64.Build.0 = Release|Any CPU
		{C9CE0E24-E902-4112-8109-3B2D9A01C0A0}.Release|x86.ActiveCfg = Release|Any CPU
		{C9CE0E24-E902-4112-8109-3B2D9A01C0A0}.Release|x86.Build.0 = Release|Any CPU
		{BD8188E7-1458-4792-8896-36ADEE951B96}.Debug|Any CPU.ActiveCfg = Debug|Any CPU
		{BD8188E7-1458-4792-8896-36ADEE951B96}.Debug|Any CPU.Build.0 = Debug|Any CPU
		{BD8188E7-1458-4792-8896-36ADEE951B96}.Debug|x64.ActiveCfg = Debug|Any CPU
		{BD8188E7-1458-4792-8896-36ADEE951B96}.Debug|x64.Build.0 = Debug|Any CPU
		{BD8188E7-1458-4792-8896-36ADEE951B96}.Debug|x86.ActiveCfg = Debug|Any CPU
		{BD8188E7-1458-4792-8896-36ADEE951B96}.Debug|x86.Build.0 = Debug|Any CPU
		{BD8188E7-1458-4792-8896-36ADEE951B96}.Release|Any CPU.ActiveCfg = Release|Any CPU
		{BD8188E7-1458-4792-8896-36ADEE951B96}.Release|Any CPU.Build.0 = Release|Any CPU
		{BD8188E7-1458-4792-8896-36ADEE951B96}.Release|x64.ActiveCfg = Release|Any CPU
		{BD8188E7-1458-4792-8896-36ADEE951B96}.Release|x64.Build.0 = Release|Any CPU
		{BD8188E7-1458-4792-8896-36ADEE951B96}.Release|x86.ActiveCfg = Release|Any CPU
		{BD8188E7-1458-4792-8896-36ADEE951B96}.Release|x86.Build.0 = Release|Any CPU
	EndGlobalSection
	GlobalSection(SolutionProperties) = preSolution
		HideSolutionNode = FALSE
	EndGlobalSection
	GlobalSection(ExtensibilityGlobals) = postSolution
		SolutionGuid = {151C4FF3-2A98-4E11-9739-DEC47F510A5A}
	EndGlobalSection
EndGlobal
